
Microsoft Visual Studio Solution File, Format Version 11.00
# Visual Studio 2010
Project("{FAE04EC0-301F-11D3-BF4B-00C04F79EFBC}") = "Assembly-CSharp", "Assembly-CSharp.csproj", "{554D6445-0D59-B78A-04B8-596153167E40}"
EndProject
Project("{FAE04EC0-301F-11D3-BF4B-00C04F79EFBC}") = "Assembly-CSharp-Editor", "Assembly-CSharp-Editor.csproj", "{8A370DF9-4B41-2E6F-A551-CEA190684004}"
EndProject
Global
	GlobalSection(SolutionConfigurationPlatforms) = preSolution
		Debug|Any CPU = Debug|Any CPU
		Release|Any CPU = Release|Any CPU
	EndGlobalSection
	GlobalSection(ProjectConfigurationPlatforms) = postSolution
		{554D6445-0D59-B78A-04B8-596153167E40}.Debug|Any CPU.ActiveCfg = Debug|Any CPU
		{554D6445-0D59-B78A-04B8-596153167E40}.Debug|Any CPU.Build.0 = Debug|Any CPU
		{554D6445-0D59-B78A-04B8-596153167E40}.Release|Any CPU.ActiveCfg = Release|Any CPU
		{554D6445-0D59-B78A-04B8-596153167E40}.Release|Any CPU.Build.0 = Release|Any CPU
		{8A370DF9-4B41-2E6F-A551-CEA190684004}.Debug|Any CPU.ActiveCfg = Debug|Any CPU
		{8A370DF9-4B41-2E6F-A551-CEA190684004}.Debug|Any CPU.Build.0 = Debug|Any CPU
		{8A370DF9-4B41-2E6F-A551-CEA190684004}.Release|Any CPU.ActiveCfg = Release|Any CPU
		{8A370DF9-4B41-2E6F-A551-CEA190684004}.Release|Any CPU.Build.0 = Release|Any CPU
	EndGlobalSection
	GlobalSection(SolutionProperties) = preSolution
		HideSolutionNode = FALSE
	EndGlobalSection
EndGlobal
